
Microsoft Visual Studio Solution File, Format Version 12.00
# Visual Studio Version 17
VisualStudioVersion = 17.12.35521.163
MinimumVisualStudioVersion = 10.0.40219.1
Project("{FAE04EC0-301F-11D3-BF4B-00C04F79EFBC}") = "WebApplication1", "WebApplication1\WebApplication1.csproj", "{67A25295-D449-43B3-B2B4-E79421CE5D45}"
EndProject
Project("{FAE04EC0-301F-11D3-BF4B-00C04F79EFBC}") = "BlazorApp1", "BlazorApp1\BlazorApp1.csproj", "{7FE404A2-041A-4772-A0E1-136F49DE9916}"
EndProject
Global
	GlobalSection(SolutionConfigurationPlatforms) = preSolution
		Debug|Any CPU = Debug|Any CPU
		Release|Any CPU = Release|Any CPU
	EndGlobalSection
	GlobalSection(ProjectConfigurationPlatforms) = postSolution
		{67A25295-D449-43B3-B2B4-E79421CE5D45}.Debug|Any CPU.ActiveCfg = Debug|Any CPU
		{67A25295-D449-43B3-B2B4-E79421CE5D45}.Debug|Any CPU.Build.0 = Debug|Any CPU
		{67A25295-D449-43B3-B2B4-E79421CE5D45}.Release|Any CPU.ActiveCfg = Release|Any CPU
		{67A25295-D449-43B3-B2B4-E79421CE5D45}.Release|Any CPU.Build.0 = Release|Any CPU
		{7FE404A2-041A-4772-A0E1-136F49DE9916}.Debug|Any CPU.ActiveCfg = Debug|Any CPU
		{7FE404A2-041A-4772-A0E1-136F49DE9916}.Debug|Any CPU.Build.0 = Debug|Any CPU
		{7FE404A2-041A-4772-A0E1-136F49DE9916}.Release|Any CPU.ActiveCfg = Release|Any CPU
		{7FE404A2-041A-4772-A0E1-136F49DE9916}.Release|Any CPU.Build.0 = Release|Any CPU
	EndGlobalSection
	GlobalSection(SolutionProperties) = preSolution
		HideSolutionNode = FALSE
	EndGlobalSection
EndGlobal
